# This file is automatically @generated by Cargo.
# It is not intended for manual editing.
version = 4

[[package]]
name = "qrcodegen"
version = "1.8.0"
source = "registry+https://github.com/rust-lang/crates.io-index"
checksum = "4339fc7a1021c9c1621d87f5e3505f2805c8c105420ba2f2a4df86814590c142"

[[package]]
name = "redrob-pairing"
version = "0.1.0"
dependencies = [
 "qrcodegen",
]
